{
  "name": "Proyecto-Interactivas-II",
  "lockfileVersion": 3,
  "requires": true,
  "packages": {
    "": {
      "dependencies": {
        "cally": "^0.5.3"
      }
    },
    "node_modules/atomico": {
      "version": "1.79.2",
      "resolved": "https://registry.npmjs.org/atomico/-/atomico-1.79.2.tgz",
      "integrity": "sha512-mshhLRMeIltNYbnQnqgnrvJ/uDa8XDfTQcjw3ymOygQqwHIQ4Sp0LcNYMCbACkV3DtV+eDXb9szwU4qMUuGwYQ=="
    },
    "node_modules/cally": {
      "version": "0.5.3",
      "resolved": "https://registry.npmjs.org/cally/-/cally-0.5.3.tgz",
      "integrity": "sha512-WjJgUUw/ToR9qFKir6hK4fS1+Z2J91wOXQefafJ3Ev4HZkx4R8CZXXw15rzo7Ta8Y7KAGlRbI4Mufb5n0GH6jw==",
      "dependencies": {
        "atomico": "^1.76.1"
      }
    }
  }
}
